// !$*UTF8*$!
{
	archiveVersion = 1;
	classes = {
	};
	objectVersion = 55;
	objects = {

/* Begin PBXBuildFile section */
		C6176BC328FD2846005BC08A /* AppDelegate.swift in Sources */ = {isa = PBXBuildFile; fileRef = C6176BC228FD2846005BC08A /* AppDelegate.swift */; };
		C6176BC528FD2846005BC08A /* SceneDelegate.swift in Sources */ = {isa = PBXBuildFile; fileRef = C6176BC428FD2846005BC08A /* SceneDelegate.swift */; };
		C6176BCA28FD2846005BC08A /* Main.storyboard in Resources */ = {isa = PBXBuildFile; fileRef = C6176BC828FD2846005BC08A /* Main.storyboard */; };
		C6176BCC28FD2847005BC08A /* Assets.xcassets in Resources */ = {isa = PBXBuildFile; fileRef = C6176BCB28FD2847005BC08A /* Assets.xcassets */; };
		C6176BCF28FD2847005BC08A /* LaunchScreen.storyboard in Resources */ = {isa = PBXBuildFile; fileRef = C6176BCD28FD2847005BC08A /* LaunchScreen.storyboard */; };
		C6176BDA28FD2847005BC08A /* PomodoroTests.swift in Sources */ = {isa = PBXBuildFile; fileRef = C6176BD928FD2847005BC08A /* PomodoroTests.swift */; };
		C6176BE428FD2847005BC08A /* PomodoroUITests.swift in Sources */ = {isa = PBXBuildFile; fileRef = C6176BE328FD2847005BC08A /* PomodoroUITests.swift */; };
		C6176BE628FD2847005BC08A /* PomodoroUITestsLaunchTests.swift in Sources */ = {isa = PBXBuildFile; fileRef = C6176BE528FD2847005BC08A /* PomodoroUITestsLaunchTests.swift */; };
		C66B5F2A28FFD23800E084FC /* PresetController.swift in Sources */ = {isa = PBXBuildFile; fileRef = C66B5F2928FFD23800E084FC /* PresetController.swift */; };
		C66B5F3028FFDAFA00E084FC /* MainTabController.swift in Sources */ = {isa = PBXBuildFile; fileRef = C66B5F2F28FFDAFA00E084FC /* MainTabController.swift */; };
		C66B5F322918CC6800E084FC /* HomeController.swift in Sources */ = {isa = PBXBuildFile; fileRef = C66B5F312918CC6800E084FC /* HomeController.swift */; };
		C66B5F34291A385900E084FC /* CircularProgressBarView.swift in Sources */ = {isa = PBXBuildFile; fileRef = C66B5F33291A385900E084FC /* CircularProgressBarView.swift */; };
		C66B5F37291A41A300E084FC /* Extension.swift in Sources */ = {isa = PBXBuildFile; fileRef = C66B5F36291A41A300E084FC /* Extension.swift */; };
		C66B5F3F291D010000E084FC /* WaitngListController.swift in Sources */ = {isa = PBXBuildFile; fileRef = C66B5F3E291D010000E084FC /* WaitngListController.swift */; };
		C66B5F412921C63700E084FC /* HomeWaitngListController.swift in Sources */ = {isa = PBXBuildFile; fileRef = C66B5F402921C63700E084FC /* HomeWaitngListController.swift */; };
		C66B5F43292221D600E084FC /* PresetViewCell.swift in Sources */ = {isa = PBXBuildFile; fileRef = C66B5F42292221D600E084FC /* PresetViewCell.swift */; };
		C66B5F452923840400E084FC /* WaitingList.swift in Sources */ = {isa = PBXBuildFile; fileRef = C66B5F442923840400E084FC /* WaitingList.swift */; };
		C66B5F47292385A500E084FC /* WaitingListViewModel.swift in Sources */ = {isa = PBXBuildFile; fileRef = C66B5F46292385A500E084FC /* WaitingListViewModel.swift */; };
		C66B5F49292387FE00E084FC /* WaitingListViewCell.swift in Sources */ = {isa = PBXBuildFile; fileRef = C66B5F48292387FE00E084FC /* WaitingListViewCell.swift */; };
		C66B5F4B29276BD300E084FC /* WaitingListFooterView.swift in Sources */ = {isa = PBXBuildFile; fileRef = C66B5F4A29276BD300E084FC /* WaitingListFooterView.swift */; };
		C67FC14F2930526600AE4EE9 /* HomeWaitngListViewCell.swift in Sources */ = {isa = PBXBuildFile; fileRef = C67FC14E2930526600AE4EE9 /* HomeWaitngListViewCell.swift */; };
		CAA97F184E5C5EBDAB575B98 /* Pods_Pomodoro.framework in Frameworks */ = {isa = PBXBuildFile; fileRef = 2DE3F0D390CBFB227EAA4444 /* Pods_Pomodoro.framework */; };
/* End PBXBuildFile section */

/* Begin PBXContainerItemProxy section */
		C6176BD628FD2847005BC08A /* PBXContainerItemProxy */ = {
			isa = PBXContainerItemProxy;
			containerPortal = C6176BB728FD2845005BC08A /* Project object */;
			proxyType = 1;
			remoteGlobalIDString = C6176BBE28FD2846005BC08A;
			remoteInfo = Pomodoro;
		};
		C6176BE028FD2847005BC08A /* PBXContainerItemProxy */ = {
			isa = PBXContainerItemProxy;
			containerPortal = C6176BB728FD2845005BC08A /* Project object */;
			proxyType = 1;
			remoteGlobalIDString = C6176BBE28FD2846005BC08A;
			remoteInfo = Pomodoro;
		};
/* End PBXContainerItemProxy section */

/* Begin PBXFileReference section */
		0A463A0482EAA3679CFF1A97 /* Pods-Pomodoro.debug.xcconfig */ = {isa = PBXFileReference; includeInIndex = 1; lastKnownFileType = text.xcconfig; name = "Pods-Pomodoro.debug.xcconfig"; path = "Target Support Files/Pods-Pomodoro/Pods-Pomodoro.debug.xcconfig"; sourceTree = "<group>"; };
		2DE3F0D390CBFB227EAA4444 /* Pods_Pomodoro.framework */ = {isa = PBXFileReference; explicitFileType = wrapper.framework; includeInIndex = 0; path = Pods_Pomodoro.framework; sourceTree = BUILT_PRODUCTS_DIR; };
		C6176BBF28FD2846005BC08A /* Pomodoro.app */ = {isa = PBXFileReference; explicitFileType = wrapper.application; includeInIndex = 0; path = Pomodoro.app; sourceTree = BUILT_PRODUCTS_DIR; };
		C6176BC228FD2846005BC08A /* AppDelegate.swift */ = {isa = PBXFileReference; lastKnownFileType = sourcecode.swift; path = AppDelegate.swift; sourceTree = "<group>"; };
		C6176BC428FD2846005BC08A /* SceneDelegate.swift */ = {isa = PBXFileReference; lastKnownFileType = sourcecode.swift; path = SceneDelegate.swift; sourceTree = "<group>"; };
		C6176BC928FD2846005BC08A /* Base */ = {isa = PBXFileReference; lastKnownFileType = file.storyboard; name = Base; path = Base.lproj/Main.storyboard; sourceTree = "<group>"; };
		C6176BCB28FD2847005BC08A /* Assets.xcassets */ = {isa = PBXFileReference; lastKnownFileType = folder.assetcatalog; path = Assets.xcassets; sourceTree = "<group>"; };
		C6176BCE28FD2847005BC08A /* Base */ = {isa = PBXFileReference; lastKnownFileType = file.storyboard; name = Base; path = Base.lproj/LaunchScreen.storyboard; sourceTree = "<group>"; };
		C6176BD028FD2847005BC08A /* Info.plist */ = {isa = PBXFileReference; lastKnownFileType = text.plist.xml; path = Info.plist; sourceTree = "<group>"; };
		C6176BD528FD2847005BC08A /* PomodoroTests.xctest */ = {isa = PBXFileReference; explicitFileType = wrapper.cfbundle; includeInIndex = 0; path = PomodoroTests.xctest; sourceTree = BUILT_PRODUCTS_DIR; };
		C6176BD928FD2847005BC08A /* PomodoroTests.swift */ = {isa = PBXFileReference; lastKnownFileType = sourcecode.swift; path = PomodoroTests.swift; sourceTree = "<group>"; };
		C6176BDF28FD2847005BC08A /* PomodoroUITests.xctest */ = {isa = PBXFileReference; explicitFileType = wrapper.cfbundle; includeInIndex = 0; path = PomodoroUITests.xctest; sourceTree = BUILT_PRODUCTS_DIR; };
		C6176BE328FD2847005BC08A /* PomodoroUITests.swift */ = {isa = PBXFileReference; lastKnownFileType = sourcecode.swift; path = PomodoroUITests.swift; sourceTree = "<group>"; };
		C6176BE528FD2847005BC08A /* PomodoroUITestsLaunchTests.swift */ = {isa = PBXFileReference; lastKnownFileType = sourcecode.swift; path = PomodoroUITestsLaunchTests.swift; sourceTree = "<group>"; };
		C66B5F2928FFD23800E084FC /* PresetController.swift */ = {isa = PBXFileReference; lastKnownFileType = sourcecode.swift; path = PresetController.swift; sourceTree = "<group>"; };
		C66B5F2F28FFDAFA00E084FC /* MainTabController.swift */ = {isa = PBXFileReference; lastKnownFileType = sourcecode.swift; path = MainTabController.swift; sourceTree = "<group>"; };
		C66B5F312918CC6800E084FC /* HomeController.swift */ = {isa = PBXFileReference; lastKnownFileType = sourcecode.swift; path = HomeController.swift; sourceTree = "<group>"; };
		C66B5F33291A385900E084FC /* CircularProgressBarView.swift */ = {isa = PBXFileReference; lastKnownFileType = sourcecode.swift; path = CircularProgressBarView.swift; sourceTree = "<group>"; };
		C66B5F36291A41A300E084FC /* Extension.swift */ = {isa = PBXFileReference; lastKnownFileType = sourcecode.swift; path = Extension.swift; sourceTree = "<group>"; };
		C66B5F3E291D010000E084FC /* WaitngListController.swift */ = {isa = PBXFileReference; lastKnownFileType = sourcecode.swift; path = WaitngListController.swift; sourceTree = "<group>"; };
		C66B5F402921C63700E084FC /* HomeWaitngListController.swift */ = {isa = PBXFileReference; lastKnownFileType = sourcecode.swift; path = HomeWaitngListController.swift; sourceTree = "<group>"; };
		C66B5F42292221D600E084FC /* PresetViewCell.swift */ = {isa = PBXFileReference; lastKnownFileType = sourcecode.swift; path = PresetViewCell.swift; sourceTree = "<group>"; };
		C66B5F442923840400E084FC /* WaitingList.swift */ = {isa = PBXFileReference; lastKnownFileType = sourcecode.swift; path = WaitingList.swift; sourceTree = "<group>"; };
		C66B5F46292385A500E084FC /* WaitingListViewModel.swift */ = {isa = PBXFileReference; lastKnownFileType = sourcecode.swift; path = WaitingListViewModel.swift; sourceTree = "<group>"; };
		C66B5F48292387FE00E084FC /* WaitingListViewCell.swift */ = {isa = PBXFileReference; lastKnownFileType = sourcecode.swift; path = WaitingListViewCell.swift; sourceTree = "<group>"; };
		C66B5F4A29276BD300E084FC /* WaitingListFooterView.swift */ = {isa = PBXFileReference; lastKnownFileType = sourcecode.swift; path = WaitingListFooterView.swift; sourceTree = "<group>"; };
		C67FC14E2930526600AE4EE9 /* HomeWaitngListViewCell.swift */ = {isa = PBXFileReference; lastKnownFileType = sourcecode.swift; path = HomeWaitngListViewCell.swift; sourceTree = "<group>"; };
		DEA5D3491EFF449706920C81 /* Pods-Pomodoro.release.xcconfig */ = {isa = PBXFileReference; includeInIndex = 1; lastKnownFileType = text.xcconfig; name = "Pods-Pomodoro.release.xcconfig"; path = "Target Support Files/Pods-Pomodoro/Pods-Pomodoro.release.xcconfig"; sourceTree = "<group>"; };
/* End PBXFileReference section */

/* Begin PBXFrameworksBuildPhase section */
		C6176BBC28FD2846005BC08A /* Frameworks */ = {
			isa = PBXFrameworksBuildPhase;
			buildActionMask = 2147483647;
			files = (
				CAA97F184E5C5EBDAB575B98 /* Pods_Pomodoro.framework in Frameworks */,
			);
			runOnlyForDeploymentPostprocessing = 0;
		};
		C6176BD228FD2847005BC08A /* Frameworks */ = {
			isa = PBXFrameworksBuildPhase;
			buildActionMask = 2147483647;
			files = (
			);
			runOnlyForDeploymentPostprocessing = 0;
		};
		C6176BDC28FD2847005BC08A /* Frameworks */ = {
			isa = PBXFrameworksBuildPhase;
			buildActionMask = 2147483647;
			files = (
			);
			runOnlyForDeploymentPostprocessing = 0;
		};
/* End PBXFrameworksBuildPhase section */

/* Begin PBXGroup section */
		30E2F7CE4069123A216741CB /* Pods */ = {
			isa = PBXGroup;
			children = (
				0A463A0482EAA3679CFF1A97 /* Pods-Pomodoro.debug.xcconfig */,
				DEA5D3491EFF449706920C81 /* Pods-Pomodoro.release.xcconfig */,
			);
			path = Pods;
			sourceTree = "<group>";
		};
		C6176BB628FD2845005BC08A = {
			isa = PBXGroup;
			children = (
				C6176BC128FD2846005BC08A /* Pomodoro */,
				C6176BD828FD2847005BC08A /* PomodoroTests */,
				C6176BE228FD2847005BC08A /* PomodoroUITests */,
				C6176BC028FD2846005BC08A /* Products */,
				30E2F7CE4069123A216741CB /* Pods */,
				F84555A332F3A29FAB5C1753 /* Frameworks */,
			);
			sourceTree = "<group>";
		};
		C6176BC028FD2846005BC08A /* Products */ = {
			isa = PBXGroup;
			children = (
				C6176BBF28FD2846005BC08A /* Pomodoro.app */,
				C6176BD528FD2847005BC08A /* PomodoroTests.xctest */,
				C6176BDF28FD2847005BC08A /* PomodoroUITests.xctest */,
			);
			name = Products;
			sourceTree = "<group>";
		};
		C6176BC128FD2846005BC08A /* Pomodoro */ = {
			isa = PBXGroup;
			children = (
				C66B5F35291A418500E084FC /* Utils */,
				C6176BF228FD28D7005BC08A /* Resources */,
				C6176BF628FD28F4005BC08A /* Model */,
				C6176BF528FD28E1005BC08A /* View */,
				C6176BF428FD28DC005BC08A /* ViewModel */,
				C6176BF328FD28DA005BC08A /* Controller */,
				C6176BD028FD2847005BC08A /* Info.plist */,
			);
			path = Pomodoro;
			sourceTree = "<group>";
		};
		C6176BD828FD2847005BC08A /* PomodoroTests */ = {
			isa = PBXGroup;
			children = (
				C6176BD928FD2847005BC08A /* PomodoroTests.swift */,
			);
			path = PomodoroTests;
			sourceTree = "<group>";
		};
		C6176BE228FD2847005BC08A /* PomodoroUITests */ = {
			isa = PBXGroup;
			children = (
				C6176BE328FD2847005BC08A /* PomodoroUITests.swift */,
				C6176BE528FD2847005BC08A /* PomodoroUITestsLaunchTests.swift */,
			);
			path = PomodoroUITests;
			sourceTree = "<group>";
		};
		C6176BF228FD28D7005BC08A /* Resources */ = {
			isa = PBXGroup;
			children = (
				C6176BC228FD2846005BC08A /* AppDelegate.swift */,
				C6176BC428FD2846005BC08A /* SceneDelegate.swift */,
				C6176BCB28FD2847005BC08A /* Assets.xcassets */,
				C6176BC828FD2846005BC08A /* Main.storyboard */,
				C6176BCD28FD2847005BC08A /* LaunchScreen.storyboard */,
			);
			path = Resources;
			sourceTree = "<group>";
		};
		C6176BF328FD28DA005BC08A /* Controller */ = {
			isa = PBXGroup;
			children = (
				C66B5F2F28FFDAFA00E084FC /* MainTabController.swift */,
				C66B5F312918CC6800E084FC /* HomeController.swift */,
				C66B5F402921C63700E084FC /* HomeWaitngListController.swift */,
				C66B5F3E291D010000E084FC /* WaitngListController.swift */,
				C66B5F2928FFD23800E084FC /* PresetController.swift */,
			);
			path = Controller;
			sourceTree = "<group>";
		};
		C6176BF428FD28DC005BC08A /* ViewModel */ = {
			isa = PBXGroup;
			children = (
				C66B5F46292385A500E084FC /* WaitingListViewModel.swift */,
			);
			path = ViewModel;
			sourceTree = "<group>";
		};
		C6176BF528FD28E1005BC08A /* View */ = {
			isa = PBXGroup;
			children = (
				C66B5F33291A385900E084FC /* CircularProgressBarView.swift */,
				C67FC14E2930526600AE4EE9 /* HomeWaitngListViewCell.swift */,
				C66B5F48292387FE00E084FC /* WaitingListViewCell.swift */,
				C66B5F4A29276BD300E084FC /* WaitingListFooterView.swift */,
				C66B5F42292221D600E084FC /* PresetViewCell.swift */,
			);
			path = View;
			sourceTree = "<group>";
		};
		C6176BF628FD28F4005BC08A /* Model */ = {
			isa = PBXGroup;
			children = (
				C66B5F442923840400E084FC /* WaitingList.swift */,
			);
			path = Model;
			sourceTree = "<group>";
		};
		C66B5F35291A418500E084FC /* Utils */ = {
			isa = PBXGroup;
			children = (
				C66B5F36291A41A300E084FC /* Extension.swift */,
			);
			name = Utils;
			path = ../Utils;
			sourceTree = "<group>";
		};
		F84555A332F3A29FAB5C1753 /* Frameworks */ = {
			isa = PBXGroup;
			children = (
				2DE3F0D390CBFB227EAA4444 /* Pods_Pomodoro.framework */,
			);
			name = Frameworks;
			sourceTree = "<group>";
		};
/* End PBXGroup section */

/* Begin PBXNativeTarget section */
		C6176BBE28FD2846005BC08A /* Pomodoro */ = {
			isa = PBXNativeTarget;
			buildConfigurationList = C6176BE928FD2847005BC08A /* Build configuration list for PBXNativeTarget "Pomodoro" */;
			buildPhases = (
				96727335FA16DBF8DF767DFB /* [CP] Check Pods Manifest.lock */,
				C6176BBB28FD2846005BC08A /* Sources */,
				C6176BBC28FD2846005BC08A /* Frameworks */,
				C6176BBD28FD2846005BC08A /* Resources */,
				5DBBD60DC4ED58488474D56A /* [CP] Embed Pods Frameworks */,
			);
			buildRules = (
			);
			dependencies = (
			);
			name = Pomodoro;
			productName = Pomodoro;
			productReference = C6176BBF28FD2846005BC08A /* Pomodoro.app */;
			productType = "com.apple.product-type.application";
		};
		C6176BD428FD2847005BC08A /* PomodoroTests */ = {
			isa = PBXNativeTarget;
			buildConfigurationList = C6176BEC28FD2847005BC08A /* Build configuration list for PBXNativeTarget "PomodoroTests" */;
			buildPhases = (
				C6176BD128FD2847005BC08A /* Sources */,
				C6176BD228FD2847005BC08A /* Frameworks */,
				C6176BD328FD2847005BC08A /* Resources */,
			);
			buildRules = (
			);
			dependencies = (
				C6176BD728FD2847005BC08A /* PBXTargetDependency */,
			);
			name = PomodoroTests;
			productName = PomodoroTests;
			productReference = C6176BD528FD2847005BC08A /* PomodoroTests.xctest */;
			productType = "com.apple.product-type.bundle.unit-test";
		};
		C6176BDE28FD2847005BC08A /* PomodoroUITests */ = {
			isa = PBXNativeTarget;
			buildConfigurationList = C6176BEF28FD2847005BC08A /* Build configuration list for PBXNativeTarget "PomodoroUITests" */;
			buildPhases = (
				C6176BDB28FD2847005BC08A /* Sources */,
				C6176BDC28FD2847005BC08A /* Frameworks */,
				C6176BDD28FD2847005BC08A /* Resources */,
			);
			buildRules = (
			);
			dependencies = (
				C6176BE128FD2847005BC08A /* PBXTargetDependency */,
			);
			name = PomodoroUITests;
			productName = PomodoroUITests;
			productReference = C6176BDF28FD2847005BC08A /* PomodoroUITests.xctest */;
			productType = "com.apple.product-type.bundle.ui-testing";
		};
/* End PBXNativeTarget section */

/* Begin PBXProject section */
		C6176BB728FD2845005BC08A /* Project object */ = {
			isa = PBXProject;
			attributes = {
				BuildIndependentTargetsInParallel = 1;
				LastSwiftUpdateCheck = 1340;
				LastUpgradeCheck = 1340;
				TargetAttributes = {
					C6176BBE28FD2846005BC08A = {
						CreatedOnToolsVersion = 13.4.1;
					};
					C6176BD428FD2847005BC08A = {
						CreatedOnToolsVersion = 13.4.1;
						TestTargetID = C6176BBE28FD2846005BC08A;
					};
					C6176BDE28FD2847005BC08A = {
						CreatedOnToolsVersion = 13.4.1;
						TestTargetID = C6176BBE28FD2846005BC08A;
					};
				};
			};
			buildConfigurationList = C6176BBA28FD2845005BC08A /* Build configuration list for PBXProject "Pomodoro" */;
			compatibilityVersion = "Xcode 13.0";
			developmentRegion = en;
			hasScannedForEncodings = 0;
			knownRegions = (
				en,
				Base,
			);
			mainGroup = C6176BB628FD2845005BC08A;
			productRefGroup = C6176BC028FD2846005BC08A /* Products */;
			projectDirPath = "";
			projectRoot = "";
			targets = (
				C6176BBE28FD2846005BC08A /* Pomodoro */,
				C6176BD428FD2847005BC08A /* PomodoroTests */,
				C6176BDE28FD2847005BC08A /* PomodoroUITests */,
			);
		};
/* End PBXProject section */

/* Begin PBXResourcesBuildPhase section */
		C6176BBD28FD2846005BC08A /* Resources */ = {
			isa = PBXResourcesBuildPhase;
			buildActionMask = 2147483647;
			files = (
				C6176BCF28FD2847005BC08A /* LaunchScreen.storyboard in Resources */,
				C6176BCC28FD2847005BC08A /* Assets.xcassets in Resources */,
				C6176BCA28FD2846005BC08A /* Main.storyboard in Resources */,
			);
			runOnlyForDeploymentPostprocessing = 0;
		};
		C6176BD328FD2847005BC08A /* Resources */ = {
			isa = PBXResourcesBuildPhase;
			buildActionMask = 2147483647;
			files = (
			);
			runOnlyForDeploymentPostprocessing = 0;
		};
		C6176BDD28FD2847005BC08A /* Resources */ = {
			isa = PBXResourcesBuildPhase;
			buildActionMask = 2147483647;
			files = (
			);
			runOnlyForDeploymentPostprocessing = 0;
		};
/* End PBXResourcesBuildPhase section */

/* Begin PBXShellScriptBuildPhase section */
		5DBBD60DC4ED58488474D56A /* [CP] Embed Pods Frameworks */ = {
			isa = PBXShellScriptBuildPhase;
			buildActionMask = 2147483647;
			files = (
			);
			inputFileListPaths = (
				"${PODS_ROOT}/Target Support Files/Pods-Pomodoro/Pods-Pomodoro-frameworks-${CONFIGURATION}-input-files.xcfilelist",
			);
			name = "[CP] Embed Pods Frameworks";
			outputFileListPaths = (
				"${PODS_ROOT}/Target Support Files/Pods-Pomodoro/Pods-Pomodoro-frameworks-${CONFIGURATION}-output-files.xcfilelist",
			);
			runOnlyForDeploymentPostprocessing = 0;
			shellPath = /bin/sh;
			shellScript = "\"${PODS_ROOT}/Target Support Files/Pods-Pomodoro/Pods-Pomodoro-frameworks.sh\"\n";
			showEnvVarsInLog = 0;
		};
		96727335FA16DBF8DF767DFB /* [CP] Check Pods Manifest.lock */ = {
			isa = PBXShellScriptBuildPhase;
			buildActionMask = 2147483647;
			files = (
			);
			inputFileListPaths = (
			);
			inputPaths = (
				"${PODS_PODFILE_DIR_PATH}/Podfile.lock",
				"${PODS_ROOT}/Manifest.lock",
			);
			name = "[CP] Check Pods Manifest.lock";
			outputFileListPaths = (
			);
			outputPaths = (
				"$(DERIVED_FILE_DIR)/Pods-Pomodoro-checkManifestLockResult.txt",
			);
			runOnlyForDeploymentPostprocessing = 0;
			shellPath = /bin/sh;
			shellScript = "diff \"${PODS_PODFILE_DIR_PATH}/Podfile.lock\" \"${PODS_ROOT}/Manifest.lock\" > /dev/null\nif [ $? != 0 ] ; then\n    # print error to STDERR\n    echo \"error: The sandbox is not in sync with the Podfile.lock. Run 'pod install' or update your CocoaPods installation.\" >&2\n    exit 1\nfi\n# This output is used by Xcode 'outputs' to avoid re-running this script phase.\necho \"SUCCESS\" > \"${SCRIPT_OUTPUT_FILE_0}\"\n";
			showEnvVarsInLog = 0;
		};
/* End PBXShellScriptBuildPhase section */

/* Begin PBXSourcesBuildPhase section */
		C6176BBB28FD2846005BC08A /* Sources */ = {
			isa = PBXSourcesBuildPhase;
			buildActionMask = 2147483647;
			files = (
				C66B5F4B29276BD300E084FC /* WaitingListFooterView.swift in Sources */,
				C67FC14F2930526600AE4EE9 /* HomeWaitngListViewCell.swift in Sources */,
				C66B5F43292221D600E084FC /* PresetViewCell.swift in Sources */,
				C66B5F34291A385900E084FC /* CircularProgressBarView.swift in Sources */,
				C66B5F2A28FFD23800E084FC /* PresetController.swift in Sources */,
				C66B5F47292385A500E084FC /* WaitingListViewModel.swift in Sources */,
				C6176BC328FD2846005BC08A /* AppDelegate.swift in Sources */,
				C66B5F3F291D010000E084FC /* WaitngListController.swift in Sources */,
				C66B5F49292387FE00E084FC /* WaitingListViewCell.swift in Sources */,
				C66B5F412921C63700E084FC /* HomeWaitngListController.swift in Sources */,
				C66B5F322918CC6800E084FC /* HomeController.swift in Sources */,
				C66B5F3028FFDAFA00E084FC /* MainTabController.swift in Sources */,
				C6176BC528FD2846005BC08A /* SceneDelegate.swift in Sources */,
				C66B5F37291A41A300E084FC /* Extension.swift in Sources */,
				C66B5F452923840400E084FC /* WaitingList.swift in Sources */,
			);
			runOnlyForDeploymentPostprocessing = 0;
		};
		C6176BD128FD2847005BC08A /* Sources */ = {
			isa = PBXSourcesBuildPhase;
			buildActionMask = 2147483647;
			files = (
				C6176BDA28FD2847005BC08A /* PomodoroTests.swift in Sources */,
			);
			runOnlyForDeploymentPostprocessing = 0;
		};
		C6176BDB28FD2847005BC08A /* Sources */ = {
			isa = PBXSourcesBuildPhase;
			buildActionMask = 2147483647;
			files = (
				C6176BE628FD2847005BC08A /* PomodoroUITestsLaunchTests.swift in Sources */,
				C6176BE428FD2847005BC08A /* PomodoroUITests.swift in Sources */,
			);
			runOnlyForDeploymentPostprocessing = 0;
		};
/* End PBXSourcesBuildPhase section */

/* Begin PBXTargetDependency section */
		C6176BD728FD2847005BC08A /* PBXTargetDependency */ = {
			isa = PBXTargetDependency;
			target = C6176BBE28FD2846005BC08A /* Pomodoro */;
			targetProxy = C6176BD628FD2847005BC08A /* PBXContainerItemProxy */;
		};
		C6176BE128FD2847005BC08A /* PBXTargetDependency */ = {
			isa = PBXTargetDependency;
			target = C6176BBE28FD2846005BC08A /* Pomodoro */;
			targetProxy = C6176BE028FD2847005BC08A /* PBXContainerItemProxy */;
		};
/* End PBXTargetDependency section */

/* Begin PBXVariantGroup section */
		C6176BC828FD2846005BC08A /* Main.storyboard */ = {
			isa = PBXVariantGroup;
			children = (
				C6176BC928FD2846005BC08A /* Base */,
			);
			name = Main.storyboard;
			sourceTree = "<group>";
		};
		C6176BCD28FD2847005BC08A /* LaunchScreen.storyboard */ = {
			isa = PBXVariantGroup;
			children = (
				C6176BCE28FD2847005BC08A /* Base */,
			);
			name = LaunchScreen.storyboard;
			sourceTree = "<group>";
		};
/* End PBXVariantGroup section */

/* Begin XCBuildConfiguration section */
		C6176BE728FD2847005BC08A /* Debug */ = {
			isa = XCBuildConfiguration;
			buildSettings = {
				ALWAYS_SEARCH_USER_PATHS = NO;
				CLANG_ANALYZER_NONNULL = YES;
				CLANG_ANALYZER_NUMBER_OBJECT_CONVERSION = YES_AGGRESSIVE;
				CLANG_CXX_LANGUAGE_STANDARD = "gnu++17";
				CLANG_ENABLE_MODULES = YES;
				CLANG_ENABLE_OBJC_ARC = YES;
				CLANG_ENABLE_OBJC_WEAK = YES;
				CLANG_WARN_BLOCK_CAPTURE_AUTORELEASING = YES;
				CLANG_WARN_BOOL_CONVERSION = YES;
				CLANG_WARN_COMMA = YES;
				CLANG_WARN_CONSTANT_CONVERSION = YES;
				CLANG_WARN_DEPRECATED_OBJC_IMPLEMENTATIONS = YES;
				CLANG_WARN_DIRECT_OBJC_ISA_USAGE = YES_ERROR;
				CLANG_WARN_DOCUMENTATION_COMMENTS = YES;
				CLANG_WARN_EMPTY_BODY = YES;
				CLANG_WARN_ENUM_CONVERSION = YES;
				CLANG_WARN_INFINITE_RECURSION = YES;
				CLANG_WARN_INT_CONVERSION = YES;
				CLANG_WARN_NON_LITERAL_NULL_CONVERSION = YES;
				CLANG_WARN_OBJC_IMPLICIT_RETAIN_SELF = YES;
				CLANG_WARN_OBJC_LITERAL_CONVERSION = YES;
				CLANG_WARN_OBJC_ROOT_CLASS = YES_ERROR;
				CLANG_WARN_QUOTED_INCLUDE_IN_FRAMEWORK_HEADER = YES;
				CLANG_WARN_RANGE_LOOP_ANALYSIS = YES;
				CLANG_WARN_STRICT_PROTOTYPES = YES;
				CLANG_WARN_SUSPICIOUS_MOVE = YES;
				CLANG_WARN_UNGUARDED_AVAILABILITY = YES_AGGRESSIVE;
				CLANG_WARN_UNREACHABLE_CODE = YES;
				CLANG_WARN__DUPLICATE_METHOD_MATCH = YES;
				COPY_PHASE_STRIP = NO;
				DEBUG_INFORMATION_FORMAT = dwarf;
				ENABLE_STRICT_OBJC_MSGSEND = YES;
				ENABLE_TESTABILITY = YES;
				GCC_C_LANGUAGE_STANDARD = gnu11;
				GCC_DYNAMIC_NO_PIC = NO;
				GCC_NO_COMMON_BLOCKS = YES;
				GCC_OPTIMIZATION_LEVEL = 0;
				GCC_PREPROCESSOR_DEFINITIONS = (
					"DEBUG=1",
					"$(inherited)",
				);
				GCC_WARN_64_TO_32_BIT_CONVERSION = YES;
				GCC_WARN_ABOUT_RETURN_TYPE = YES_ERROR;
				GCC_WARN_UNDECLARED_SELECTOR = YES;
				GCC_WARN_UNINITIALIZED_AUTOS = YES_AGGRESSIVE;
				GCC_WARN_UNUSED_FUNCTION = YES;
				GCC_WARN_UNUSED_VARIABLE = YES;
				IPHONEOS_DEPLOYMENT_TARGET = 15.5;
				MTL_ENABLE_DEBUG_INFO = INCLUDE_SOURCE;
				MTL_FAST_MATH = YES;
				ONLY_ACTIVE_ARCH = YES;
				SDKROOT = iphoneos;
				SWIFT_ACTIVE_COMPILATION_CONDITIONS = DEBUG;
				SWIFT_OPTIMIZATION_LEVEL = "-Onone";
			};
			name = Debug;
		};
		C6176BE828FD2847005BC08A /* Release */ = {
			isa = XCBuildConfiguration;
			buildSettings = {
				ALWAYS_SEARCH_USER_PATHS = NO;
				CLANG_ANALYZER_NONNULL = YES;
				CLANG_ANALYZER_NUMBER_OBJECT_CONVERSION = YES_AGGRESSIVE;
				CLANG_CXX_LANGUAGE_STANDARD = "gnu++17";
				CLANG_ENABLE_MODULES = YES;
				CLANG_ENABLE_OBJC_ARC = YES;
				CLANG_ENABLE_OBJC_WEAK = YES;
				CLANG_WARN_BLOCK_CAPTURE_AUTORELEASING = YES;
				CLANG_WARN_BOOL_CONVERSION = YES;
				CLANG_WARN_COMMA = YES;
				CLANG_WARN_CONSTANT_CONVERSION = YES;
				CLANG_WARN_DEPRECATED_OBJC_IMPLEMENTATIONS = YES;
				CLANG_WARN_DIRECT_OBJC_ISA_USAGE = YES_ERROR;
				CLANG_WARN_DOCUMENTATION_COMMENTS = YES;
				CLANG_WARN_EMPTY_BODY = YES;
				CLANG_WARN_ENUM_CONVERSION = YES;
				CLANG_WARN_INFINITE_RECURSION = YES;
				CLANG_WARN_INT_CONVERSION = YES;
				CLANG_WARN_NON_LITERAL_NULL_CONVERSION = YES;
				CLANG_WARN_OBJC_IMPLICIT_RETAIN_SELF = YES;
				CLANG_WARN_OBJC_LITERAL_CONVERSION = YES;
				CLANG_WARN_OBJC_ROOT_CLASS = YES_ERROR;
				CLANG_WARN_QUOTED_INCLUDE_IN_FRAMEWORK_HEADER = YES;
				CLANG_WARN_RANGE_LOOP_ANALYSIS = YES;
				CLANG_WARN_STRICT_PROTOTYPES = YES;
				CLANG_WARN_SUSPICIOUS_MOVE = YES;
				CLANG_WARN_UNGUARDED_AVAILABILITY = YES_AGGRESSIVE;
				CLANG_WARN_UNREACHABLE_CODE = YES;
				CLANG_WARN__DUPLICATE_METHOD_MATCH = YES;
				COPY_PHASE_STRIP = NO;
				DEBUG_INFORMATION_FORMAT = "dwarf-with-dsym";
				ENABLE_NS_ASSERTIONS = NO;
				ENABLE_STRICT_OBJC_MSGSEND = YES;
				GCC_C_LANGUAGE_STANDARD = gnu11;
				GCC_NO_COMMON_BLOCKS = YES;
				GCC_WARN_64_TO_32_BIT_CONVERSION = YES;
				GCC_WARN_ABOUT_RETURN_TYPE = YES_ERROR;
				GCC_WARN_UNDECLARED_SELECTOR = YES;
				GCC_WARN_UNINITIALIZED_AUTOS = YES_AGGRESSIVE;
				GCC_WARN_UNUSED_FUNCTION = YES;
				GCC_WARN_UNUSED_VARIABLE = YES;
				IPHONEOS_DEPLOYMENT_TARGET = 15.5;
				MTL_ENABLE_DEBUG_INFO = NO;
				MTL_FAST_MATH = YES;
				SDKROOT = iphoneos;
				SWIFT_COMPILATION_MODE = wholemodule;
				SWIFT_OPTIMIZATION_LEVEL = "-O";
				VALIDATE_PRODUCT = YES;
			};
			name = Release;
		};
		C6176BEA28FD2847005BC08A /* Debug */ = {
			isa = XCBuildConfiguration;
			baseConfigurationReference = 0A463A0482EAA3679CFF1A97 /* Pods-Pomodoro.debug.xcconfig */;
			buildSettings = {
				ASSETCATALOG_COMPILER_APPICON_NAME = AppIcon;
				ASSETCATALOG_COMPILER_GLOBAL_ACCENT_COLOR_NAME = AccentColor;
				CODE_SIGN_STYLE = Automatic;
				CURRENT_PROJECT_VERSION = 1;
				DEVELOPMENT_TEAM = 69M4234YMH;
				GENERATE_INFOPLIST_FILE = YES;
				INFOPLIST_FILE = Pomodoro/Info.plist;
				INFOPLIST_KEY_UIApplicationSupportsIndirectInputEvents = YES;
				INFOPLIST_KEY_UILaunchStoryboardName = LaunchScreen;
				INFOPLIST_KEY_UIMainStoryboardFile = Main;
				INFOPLIST_KEY_UISupportedInterfaceOrientations_iPad = "UIInterfaceOrientationPortrait UIInterfaceOrientationPortraitUpsideDown UIInterfaceOrientationLandscapeLeft UIInterfaceOrientationLandscapeRight";
				INFOPLIST_KEY_UISupportedInterfaceOrientations_iPhone = "UIInterfaceOrientationPortrait UIInterfaceOrientationLandscapeLeft UIInterfaceOrientationLandscapeRight";
				LD_RUNPATH_SEARCH_PATHS = (
					"$(inherited)",
					"@executable_path/Frameworks",
				);
				MARKETING_VERSION = 1.0;
				PRODUCT_BUNDLE_IDENTIFIER = com.bas.Pomodoro;
				PRODUCT_NAME = "$(TARGET_NAME)";
				SWIFT_EMIT_LOC_STRINGS = YES;
				SWIFT_VERSION = 5.0;
				TARGETED_DEVICE_FAMILY = "1,2";
			};
			name = Debug;
		};
		C6176BEB28FD2847005BC08A /* Release */ = {
			isa = XCBuildConfiguration;
			baseConfigurationReference = DEA5D3491EFF449706920C81 /* Pods-Pomodoro.release.xcconfig */;
			buildSettings = {
				ASSETCATALOG_COMPILER_APPICON_NAME = AppIcon;
				ASSETCATALOG_COMPILER_GLOBAL_ACCENT_COLOR_NAME = AccentColor;
				CODE_SIGN_STYLE = Automatic;
				CURRENT_PROJECT_VERSION = 1;
				DEVELOPMENT_TEAM = 69M4234YMH;
				GENERATE_INFOPLIST_FILE = YES;
				INFOPLIST_FILE = Pomodoro/Info.plist;
				INFOPLIST_KEY_UIApplicationSupportsIndirectInputEvents = YES;
				INFOPLIST_KEY_UILaunchStoryboardName = LaunchScreen;
				INFOPLIST_KEY_UIMainStoryboardFile = Main;
				INFOPLIST_KEY_UISupportedInterfaceOrientations_iPad = "UIInterfaceOrientationPortrait UIInterfaceOrientationPortraitUpsideDown UIInterfaceOrientationLandscapeLeft UIInterfaceOrientationLandscapeRight";
				INFOPLIST_KEY_UISupportedInterfaceOrientations_iPhone = "UIInterfaceOrientationPortrait UIInterfaceOrientationLandscapeLeft UIInterfaceOrientationLandscapeRight";
				LD_RUNPATH_SEARCH_PATHS = (
					"$(inherited)",
					"@executable_path/Frameworks",
				);
				MARKETING_VERSION = 1.0;
				PRODUCT_BUNDLE_IDENTIFIER = com.bas.Pomodoro;
				PRODUCT_NAME = "$(TARGET_NAME)";
				SWIFT_EMIT_LOC_STRINGS = YES;
				SWIFT_VERSION = 5.0;
				TARGETED_DEVICE_FAMILY = "1,2";
			};
			name = Release;
		};
		C6176BED28FD2847005BC08A /* Debug */ = {
			isa = XCBuildConfiguration;
			buildSettings = {
				ALWAYS_EMBED_SWIFT_STANDARD_LIBRARIES = YES;
				BUNDLE_LOADER = "$(TEST_HOST)";
				CODE_SIGN_STYLE = Automatic;
				CURRENT_PROJECT_VERSION = 1;
				DEVELOPMENT_TEAM = 69M4234YMH;
				GENERATE_INFOPLIST_FILE = YES;
				IPHONEOS_DEPLOYMENT_TARGET = 15.5;
				MARKETING_VERSION = 1.0;
				PRODUCT_BUNDLE_IDENTIFIER = com.bas.PomodoroTests;
				PRODUCT_NAME = "$(TARGET_NAME)";
				SWIFT_EMIT_LOC_STRINGS = NO;
				SWIFT_VERSION = 5.0;
				TARGETED_DEVICE_FAMILY = "1,2";
				TEST_HOST = "$(BUILT_PRODUCTS_DIR)/Pomodoro.app/Pomodoro";
			};
			name = Debug;
		};
		C6176BEE28FD2847005BC08A /* Release */ = {
			isa = XCBuildConfiguration;
			buildSettings = {
				ALWAYS_EMBED_SWIFT_STANDARD_LIBRARIES = YES;
				BUNDLE_LOADER = "$(TEST_HOST)";
				CODE_SIGN_STYLE = Automatic;
				CURRENT_PROJECT_VERSION = 1;
				DEVELOPMENT_TEAM = 69M4234YMH;
				GENERATE_INFOPLIST_FILE = YES;
				IPHONEOS_DEPLOYMENT_TARGET = 15.5;
				MARKETING_VERSION = 1.0;
				PRODUCT_BUNDLE_IDENTIFIER = com.bas.PomodoroTests;
				PRODUCT_NAME = "$(TARGET_NAME)";
				SWIFT_EMIT_LOC_STRINGS = NO;
				SWIFT_VERSION = 5.0;
				TARGETED_DEVICE_FAMILY = "1,2";
				TEST_HOST = "$(BUILT_PRODUCTS_DIR)/Pomodoro.app/Pomodoro";
			};
			name = Release;
		};
		C6176BF028FD2847005BC08A /* Debug */ = {
			isa = XCBuildConfiguration;
			buildSettings = {
				ALWAYS_EMBED_SWIFT_STANDARD_LIBRARIES = YES;
				CODE_SIGN_STYLE = Automatic;
				CURRENT_PROJECT_VERSION = 1;
				DEVELOPMENT_TEAM = 69M4234YMH;
				GENERATE_INFOPLIST_FILE = YES;
				MARKETING_VERSION = 1.0;
				PRODUCT_BUNDLE_IDENTIFIER = com.bas.PomodoroUITests;
				PRODUCT_NAME = "$(TARGET_NAME)";
				SWIFT_EMIT_LOC_STRINGS = NO;
				SWIFT_VERSION = 5.0;
				TARGETED_DEVICE_FAMILY = "1,2";
				TEST_TARGET_NAME = Pomodoro;
			};
			name = Debug;
		};
		C6176BF128FD2847005BC08A /* Release */ = {
			isa = XCBuildConfiguration;
			buildSettings = {
				ALWAYS_EMBED_SWIFT_STANDARD_LIBRARIES = YES;
				CODE_SIGN_STYLE = Automatic;
				CURRENT_PROJECT_VERSION = 1;
				DEVELOPMENT_TEAM = 69M4234YMH;
				GENERATE_INFOPLIST_FILE = YES;
				MARKETING_VERSION = 1.0;
				PRODUCT_BUNDLE_IDENTIFIER = com.bas.PomodoroUITests;
				PRODUCT_NAME = "$(TARGET_NAME)";
				SWIFT_EMIT_LOC_STRINGS = NO;
				SWIFT_VERSION = 5.0;
				TARGETED_DEVICE_FAMILY = "1,2";
				TEST_TARGET_NAME = Pomodoro;
			};
			name = Release;
		};
/* End XCBuildConfiguration section */

/* Begin XCConfigurationList section */
		C6176BBA28FD2845005BC08A /* Build configuration list for PBXProject "Pomodoro" */ = {
			isa = XCConfigurationList;
			buildConfigurations = (
				C6176BE728FD2847005BC08A /* Debug */,
				C6176BE828FD2847005BC08A /* Release */,
			);
			defaultConfigurationIsVisible = 0;
			defaultConfigurationName = Release;
		};
		C6176BE928FD2847005BC08A /* Build configuration list for PBXNativeTarget "Pomodoro" */ = {
			isa = XCConfigurationList;
			buildConfigurations = (
				C6176BEA28FD2847005BC08A /* Debug */,
				C6176BEB28FD2847005BC08A /* Release */,
			);
			defaultConfigurationIsVisible = 0;
			defaultConfigurationName = Release;
		};
		C6176BEC28FD2847005BC08A /* Build configuration list for PBXNativeTarget "PomodoroTests" */ = {
			isa = XCConfigurationList;
			buildConfigurations = (
				C6176BED28FD2847005BC08A /* Debug */,
				C6176BEE28FD2847005BC08A /* Release */,
			);
			defaultConfigurationIsVisible = 0;
			defaultConfigurationName = Release;
		};
		C6176BEF28FD2847005BC08A /* Build configuration list for PBXNativeTarget "PomodoroUITests" */ = {
			isa = XCConfigurationList;
			buildConfigurations = (
				C6176BF028FD2847005BC08A /* Debug */,
				C6176BF128FD2847005BC08A /* Release */,
			);
			defaultConfigurationIsVisible = 0;
			defaultConfigurationName = Release;
		};
/* End XCConfigurationList section */
	};
	rootObject = C6176BB728FD2845005BC08A /* Project object */;
}
